
Microsoft Visual Studio Solution File, Format Version 12.00
# Visual Studio Version 17
VisualStudioVersion = 17.7.34031.279
MinimumVisualStudioVersion = 10.0.40219.1
Project("{FAE04EC0-301F-11D3-BF4B-00C04F79EFBC}") = "BankTransactionSolution.Data", "BankTransactionSolution\BankTransactionSolution.Data.csproj", "{69B70EC1-946E-4870-84BA-46658910CC58}"
EndProject
Project("{FAE04EC0-301F-11D3-BF4B-00C04F79EFBC}") = "BankTransactionSolution.Domain", "BankTransactionSolution.Domain\BankTransactionSolution.Domain.csproj", "{1042290E-944D-429C-BECF-ABDC2E5D1640}"
EndProject
Global
	GlobalSection(SolutionConfigurationPlatforms) = preSolution
		Debug|Any CPU = Debug|Any CPU
		Release|Any CPU = Release|Any CPU
	EndGlobalSection
	GlobalSection(ProjectConfigurationPlatforms) = postSolution
		{69B70EC1-946E-4870-84BA-46658910CC58}.Debug|Any CPU.ActiveCfg = Debug|Any CPU
		{69B70EC1-946E-4870-84BA-46658910CC58}.Debug|Any CPU.Build.0 = Debug|Any CPU
		{69B70EC1-946E-4870-84BA-46658910CC58}.Release|Any CPU.ActiveCfg = Release|Any CPU
		{69B70EC1-946E-4870-84BA-46658910CC58}.Release|Any CPU.Build.0 = Release|Any CPU
		{1042290E-944D-429C-BECF-ABDC2E5D1640}.Debug|Any CPU.ActiveCfg = Debug|Any CPU
		{1042290E-944D-429C-BECF-ABDC2E5D1640}.Debug|Any CPU.Build.0 = Debug|Any CPU
		{1042290E-944D-429C-BECF-ABDC2E5D1640}.Release|Any CPU.ActiveCfg = Release|Any CPU
		{1042290E-944D-429C-BECF-ABDC2E5D1640}.Release|Any CPU.Build.0 = Release|Any CPU
	EndGlobalSection
	GlobalSection(SolutionProperties) = preSolution
		HideSolutionNode = FALSE
	EndGlobalSection
	GlobalSection(ExtensibilityGlobals) = postSolution
		SolutionGuid = {FA4AC582-9940-4746-BBA0-877C97FAC40A}
	EndGlobalSection
EndGlobal
